# This file is automatically @generated by Poetry 1.8.3 and should not be changed by hand.

[[package]]
name = "altgraph"
version = "0.17.4"
description = "Python graph (network) package"
optional = false
python-versions = "*"
files = [
    {file = "altgraph-0.17.4-py2.py3-none-any.whl", hash = "sha256:642743b4750de17e655e6711601b077bc6598dbfa3ba5fa2b2a35ce12b508dff"},
    {file = "altgraph-0.17.4.tar.gz", hash = "sha256:1b5afbb98f6c4dcadb2e2ae6ab9fa994bbb8c1d75f4fa96d340f9437ae454406"},
]

[[package]]
name = "macholib"
version = "1.16.3"
description = "Mach-O header analysis and editing"
optional = false
python-versions = "*"
files = [
    {file = "macholib-1.16.3-py2.py3-none-any.whl", hash = "sha256:0e315d7583d38b8c77e815b1ecbdbf504a8258d8b3e17b61165c6feb60d18f2c"},
    {file = "macholib-1.16.3.tar.gz", hash = "sha256:07ae9e15e8e4cd9a788013d81f5908b3609aa76f9b1421bae9c4d7606ec86a30"},
]

[package.dependencies]
altgraph = ">=0.17"

[[package]]
name = "multipledispatch"
version = "1.0.0"
description = "Multiple dispatch"
optional = false
python-versions = "*"
files = [
    {file = "multipledispatch-1.0.0-py3-none-any.whl", hash = "sha256:0c53cd8b077546da4e48869f49b13164bebafd0c2a5afceb6bb6a316e7fb46e4"},
    {file = "multipledispatch-1.0.0.tar.gz", hash = "sha256:5c839915465c68206c3e9c473357908216c28383b425361e5d144594bf85a7e0"},
]

[[package]]
name = "numpy"
version = "2.1.2"
description = "Fundamental package for array computing in Python"
optional = false
python-versions = ">=3.10"
files = [
    {file = "numpy-2.1.2-cp310-cp310-macosx_10_9_x86_64.whl", hash = "sha256:30d53720b726ec36a7f88dc873f0eec8447fbc93d93a8f079dfac2629598d6ee"},
    {file = "numpy-2.1.2-cp310-cp310-macosx_11_0_arm64.whl", hash = "sha256:e8d3ca0a72dd8846eb6f7dfe8f19088060fcb76931ed592d29128e0219652884"},
    {file = "numpy-2.1.2-cp310-cp310-macosx_14_0_arm64.whl", hash = "sha256:fc44e3c68ff00fd991b59092a54350e6e4911152682b4782f68070985aa9e648"},
    {file = "numpy-2.1.2-cp310-cp310-macosx_14_0_x86_64.whl", hash = "sha256:7c1c60328bd964b53f8b835df69ae8198659e2b9302ff9ebb7de4e5a5994db3d"},
    {file = "numpy-2.1.2-cp310-cp310-manylinux_2_17_aarch64.manylinux2014_aarch64.whl", hash = "sha256:6cdb606a7478f9ad91c6283e238544451e3a95f30fb5467fbf715964341a8a86"},
    {file = "numpy-2.1.2-cp310-cp310-manylinux_2_17_x86_64.manylinux2014_x86_64.whl", hash = "sha256:d666cb72687559689e9906197e3bec7b736764df6a2e58ee265e360663e9baf7"},
    {file = "numpy-2.1.2-cp310-cp310-musllinux_1_1_x86_64.whl", hash = "sha256:c6eef7a2dbd0abfb0d9eaf78b73017dbfd0b54051102ff4e6a7b2980d5ac1a03"},
    {file = "numpy-2.1.2-cp310-cp310-musllinux_1_2_aarch64.whl", hash = "sha256:12edb90831ff481f7ef5f6bc6431a9d74dc0e5ff401559a71e5e4611d4f2d466"},
    {file = "numpy-2.1.2-cp310-cp310-win32.whl", hash = "sha256:a65acfdb9c6ebb8368490dbafe83c03c7e277b37e6857f0caeadbbc56e12f4fb"},
    {file = "numpy-2.1.2-cp310-cp310-win_amd64.whl", hash = "sha256:860ec6e63e2c5c2ee5e9121808145c7bf86c96cca9ad396c0bd3e0f2798ccbe2"},
    {file = "numpy-2.1.2-cp311-cp311-macosx_10_9_x86_64.whl", hash = "sha256:b42a1a511c81cc78cbc4539675713bbcf9d9c3913386243ceff0e9429ca892fe"},
    {file = "numpy-2.1.2-cp311-cp311-macosx_11_0_arm64.whl", hash = "sha256:faa88bc527d0f097abdc2c663cddf37c05a1c2f113716601555249805cf573f1"},
    {file = "numpy-2.1.2-cp311-cp311-macosx_14_0_arm64.whl", hash = "sha256:c82af4b2ddd2ee72d1fc0c6695048d457e00b3582ccde72d8a1c991b808bb20f"},
    {file = "numpy-2.1.2-cp311-cp311-macosx_14_0_x86_64.whl", hash = "sha256:13602b3174432a35b16c4cfb5de9a12d229727c3dd47a6ce35111f2ebdf66ff4"},
    {file = "numpy-2.1.2-cp311-cp311-manylinux_2_17_aarch64.manylinux2014_aarch64.whl", hash = "sha256:1ebec5fd716c5a5b3d8dfcc439be82a8407b7b24b230d0ad28a81b61c2f4659a"},
    {file = "numpy-2.1.2-cp311-cp311-manylinux_2_17_x86_64.manylinux2014_x86_64.whl", hash = "sha256:e2b49c3c0804e8ecb05d59af8386ec2f74877f7ca8fd9c1e00be2672e4d399b1"},
    {file = "numpy-2.1.2-cp311-cp311-musllinux_1_1_x86_64.whl", hash = "sha256:2cbba4b30bf31ddbe97f1c7205ef976909a93a66bb1583e983adbd155ba72ac2"},
    {file = "numpy-2.1.2-cp311-cp311-musllinux_1_2_aarch64.whl", hash = "sha256:8e00ea6fc82e8a804433d3e9cedaa1051a1422cb6e443011590c14d2dea59146"},
    {file = "numpy-2.1.2-cp311-cp311-win32.whl", hash = "sha256:5006b13a06e0b38d561fab5ccc37581f23c9511879be7693bd33c7cd15ca227c"},
    {file = "numpy-2.1.2-cp311-cp311-win_amd64.whl", hash = "sha256:f1eb068ead09f4994dec71c24b2844f1e4e4e013b9629f812f292f04bd1510d9"},
    {file = "numpy-2.1.2-cp312-cp312-macosx_10_13_x86_64.whl", hash = "sha256:d7bf0a4f9f15b32b5ba53147369e94296f5fffb783db5aacc1be15b4bf72f43b"},
    {file = "numpy-2.1.2-cp312-cp312-macosx_11_0_arm64.whl", hash = "sha256:b1d0fcae4f0949f215d4632be684a539859b295e2d0cb14f78ec231915d644db"},
    {file = "numpy-2.1.2-cp312-cp312-macosx_14_0_arm64.whl", hash = "sha256:f751ed0a2f250541e19dfca9f1eafa31a392c71c832b6bb9e113b10d050cb0f1"},
    {file = "numpy-2.1.2-cp312-cp312-macosx_14_0_x86_64.whl", hash = "sha256:bd33f82e95ba7ad632bc57837ee99dba3d7e006536200c4e9124089e1bf42426"},
    {file = "numpy-2.1.2-cp312-cp312-manylinux_2_17_aarch64.manylinux2014_aarch64.whl", hash = "sha256:1b8cde4f11f0a975d1fd59373b32e2f5a562ade7cde4f85b7137f3de8fbb29a0"},
    {file = "numpy-2.1.2-cp312-cp312-manylinux_2_17_x86_64.manylinux2014_x86_64.whl", hash = "sha256:6d95f286b8244b3649b477ac066c6906fbb2905f8ac19b170e2175d3d799f4df"},
    {file = "numpy-2.1.2-cp312-cp312-musllinux_1_1_x86_64.whl", hash = "sha256:ab4754d432e3ac42d33a269c8567413bdb541689b02d93788af4131018cbf366"},
    {file = "numpy-2.1.2-cp312-cp312-musllinux_1_2_aarch64.whl", hash = "sha256:e585c8ae871fd38ac50598f4763d73ec5497b0de9a0ab4ef5b69f01c6a046142"},
    {file = "numpy-2.1.2-cp312-cp312-win32.whl", hash = "sha256:9c6c754df29ce6a89ed23afb25550d1c2d5fdb9901d9c67a16e0b16eaf7e2550"},
    {file = "numpy-2.1.2-cp312-cp312-win_amd64.whl", hash = "sha256:456e3b11cb79ac9946c822a56346ec80275eaf2950314b249b512896c0d2505e"},
    {file = "numpy-2.1.2-cp313-cp313-macosx_10_13_x86_64.whl", hash = "sha256:a84498e0d0a1174f2b3ed769b67b656aa5460c92c9554039e11f20a05650f00d"},
    {file = "numpy-2.1.2-cp313-cp313-macosx_11_0_arm64.whl", hash = "sha256:4d6ec0d4222e8ffdab1744da2560f07856421b367928026fb540e1945f2eeeaf"},
    {file = "numpy-2.1.2-cp313-cp313-macosx_14_0_arm64.whl", hash = "sha256:259ec80d54999cc34cd1eb8ded513cb053c3bf4829152a2e00de2371bd406f5e"},
    {file = "numpy-2.1.2-cp313-cp313-macosx_14_0_x86_64.whl", hash = "sha256:675c741d4739af2dc20cd6c6a5c4b7355c728167845e3c6b0e824e4e5d36a6c3"},
    {file = "numpy-2.1.2-cp313-cp313-manylinux_2_17_aarch64.manylinux2014_aarch64.whl", hash = "sha256:05b2d4e667895cc55e3ff2b56077e4c8a5604361fc21a042845ea3ad67465aa8"},
    {file = "numpy-2.1.2-cp313-cp313-manylinux_2_17_x86_64.manylinux2014_x86_64.whl", hash = "sha256:43cca367bf94a14aca50b89e9bc2061683116cfe864e56740e083392f533ce7a"},
    {file = "numpy-2.1.2-cp313-cp313-musllinux_1_1_x86_64.whl", hash = "sha256:76322dcdb16fccf2ac56f99048af32259dcc488d9b7e25b51e5eca5147a3fb98"},
    {file = "numpy-2.1.2-cp313-cp313-musllinux_1_2_aarch64.whl", hash = "sha256:32e16a03138cabe0cb28e1007ee82264296ac0983714094380b408097a418cfe"},
    {file = "numpy-2.1.2-cp313-cp313-win32.whl", hash = "sha256:242b39d00e4944431a3cd2db2f5377e15b5785920421993770cddb89992c3f3a"},
    {file = "numpy-2.1.2-cp313-cp313-win_amd64.whl", hash = "sha256:f2ded8d9b6f68cc26f8425eda5d3877b47343e68ca23d0d0846f4d312ecaa445"},
    {file = "numpy-2.1.2-cp313-cp313t-macosx_10_13_x86_64.whl", hash = "sha256:2ffef621c14ebb0188a8633348504a35c13680d6da93ab5cb86f4e54b7e922b5"},
    {file = "numpy-2.1.2-cp313-cp313t-macosx_11_0_arm64.whl", hash = "sha256:ad369ed238b1959dfbade9018a740fb9392c5ac4f9b5173f420bd4f37ba1f7a0"},
    {file = "numpy-2.1.2-cp313-cp313t-macosx_14_0_arm64.whl", hash = "sha256:d82075752f40c0ddf57e6e02673a17f6cb0f8eb3f587f63ca1eaab5594da5b17"},
    {file = "numpy-2.1.2-cp313-cp313t-macosx_14_0_x86_64.whl", hash = "sha256:1600068c262af1ca9580a527d43dc9d959b0b1d8e56f8a05d830eea39b7c8af6"},
    {file = "numpy-2.1.2-cp313-cp313t-manylinux_2_17_aarch64.manylinux2014_aarch64.whl", hash = "sha256:a26ae94658d3ba3781d5e103ac07a876b3e9b29db53f68ed7df432fd033358a8"},
    {file = "numpy-2.1.2-cp313-cp313t-manylinux_2_17_x86_64.manylinux2014_x86_64.whl", hash = "sha256:13311c2db4c5f7609b462bc0f43d3c465424d25c626d95040f073e30f7570e35"},
    {file = "numpy-2.1.2-cp313-cp313t-musllinux_1_1_x86_64.whl", hash = "sha256:2abbf905a0b568706391ec6fa15161fad0fb5d8b68d73c461b3c1bab6064dd62"},
    {file = "numpy-2.1.2-cp313-cp313t-musllinux_1_2_aarch64.whl", hash = "sha256:ef444c57d664d35cac4e18c298c47d7b504c66b17c2ea91312e979fcfbdfb08a"},
    {file = "numpy-2.1.2-pp310-pypy310_pp73-macosx_10_15_x86_64.whl", hash = "sha256:bdd407c40483463898b84490770199d5714dcc9dd9b792f6c6caccc523c00952"},
    {file = "numpy-2.1.2-pp310-pypy310_pp73-macosx_14_0_x86_64.whl", hash = "sha256:da65fb46d4cbb75cb417cddf6ba5e7582eb7bb0b47db4b99c9fe5787ce5d91f5"},
    {file = "numpy-2.1.2-pp310-pypy310_pp73-manylinux_2_17_x86_64.manylinux2014_x86_64.whl", hash = "sha256:1c193d0b0238638e6fc5f10f1b074a6993cb13b0b431f64079a509d63d3aa8b7"},
    {file = "numpy-2.1.2-pp310-pypy310_pp73-win_amd64.whl", hash = "sha256:a7d80b2e904faa63068ead63107189164ca443b42dd1930299e0d1cb041cec2e"},
    {file = "numpy-2.1.2.tar.gz", hash = "sha256:13532a088217fa624c99b843eeb54640de23b3414b14aa66d023805eb731066c"},
]

[[package]]
name = "opensimplex"
version = "0.4.5.1"
description = "OpenSimplex is a noise generation function like Perlin or Simplex noise, but better."
optional = false
python-versions = ">=3.8"
files = [
    {file = "opensimplex-0.4.5.1-py3-none-any.whl", hash = "sha256:876514ffafd647d3149d662701e42f687560f01fbdd18a731ea8a35b476d3109"},
    {file = "opensimplex-0.4.5.1.tar.gz", hash = "sha256:881163ba74b443c1498d43b4e6567635a57171e43174db1e41901580b859145d"},
]

[package.dependencies]
numpy = ">=1.22"

[[package]]
name = "packaging"
version = "24.1"
description = "Core utilities for Python packages"
optional = false
python-versions = ">=3.8"
files = [
    {file = "packaging-24.1-py3-none-any.whl", hash = "sha256:5b8f2217dbdbd2f7f384c41c628544e6d52f2d0f53c6d0c3ea61aa5d1d7ff124"},
    {file = "packaging-24.1.tar.gz", hash = "sha256:026ed72c8ed3fcce5bf8950572258698927fd1dbda10a5e981cdf0ac37f4f002"},
]

[[package]]
name = "pefile"
version = "2023.2.7"
description = "Python PE parsing module"
optional = false
python-versions = ">=3.6.0"
files = [
    {file = "pefile-2023.2.7-py3-none-any.whl", hash = "sha256:da185cd2af68c08a6cd4481f7325ed600a88f6a813bad9dea07ab3ef73d8d8d6"},
    {file = "pefile-2023.2.7.tar.gz", hash = "sha256:82e6114004b3d6911c77c3953e3838654b04511b8b66e8583db70c65998017dc"},
]

[[package]]
name = "pygame-ce"
version = "2.5.2"
description = "Python Game Development"
optional = false
python-versions = ">=3.8"
files = [
    {file = "pygame_ce-2.5.2-cp310-cp310-macosx_10_11_x86_64.whl", hash = "sha256:bf29ca5ebd6698b4e5ee4083b8afe845a2ff40418e3b2ba1a8010643135af593"},
    {file = "pygame_ce-2.5.2-cp310-cp310-macosx_11_0_arm64.whl", hash = "sha256:19887be5d3923c05cf9efa8ecaee562faffcbd98aaeab7e0f8d7e441b83aa966"},
    {file = "pygame_ce-2.5.2-cp310-cp310-manylinux_2_17_aarch64.manylinux2014_aarch64.whl", hash = "sha256:7cfabd660cd83593d194f6d34efaf5187ab9697e8f5ece9c0f6a6d37d5b93318"},
    {file = "pygame_ce-2.5.2-cp310-cp310-manylinux_2_17_i686.manylinux2014_i686.whl", hash = "sha256:ef6035c2675f4913b2ba9a4ca76164c2d3c761d1b0dd50766272f54b570b00ee"},
    {file = "pygame_ce-2.5.2-cp310-cp310-manylinux_2_17_x86_64.manylinux2014_x86_64.whl", hash = "sha256:b2ed215d347891cfa23ef381c3894a1347e87bf1a0c9ed82d2e83395861c571a"},
    {file = "pygame_ce-2.5.2-cp310-cp310-win32.whl", hash = "sha256:49564c79eaceb8ea229c595e784674aaca0e5811c40a064d1369cc9635f2c006"},
    {file = "pygame_ce-2.5.2-cp310-cp310-win_amd64.whl", hash = "sha256:ea2205837c5c3b0156cbb263420520834b735bd90a3e0c377b4ed92791261a1c"},
    {file = "pygame_ce-2.5.2-cp311-cp311-macosx_10_11_x86_64.whl", hash = "sha256:20ea7c6fc886c1108fc9c47716021d4660b319a3a4d109e9d06f3eb27bbfb5de"},
    {file = "pygame_ce-2.5.2-cp311-cp311-macosx_11_0_arm64.whl", hash = "sha256:e6fea89761e949e8b8bee79ca954bea764e10f384959745517c4e402d594c189"},
    {file = "pygame_ce-2.5.2-cp311-cp311-manylinux_2_17_aarch64.manylinux2014_aarch64.whl", hash = "sha256:587e03603186daa559d54be1c7afc04391d8bd51ff5796b46bf92867978165d8"},
    {file = "pygame_ce-2.5.2-cp311-cp311-manylinux_2_17_i686.manylinux2014_i686.whl", hash = "sha256:bcc84939f9ef9d005eff442ac2442e469e3c34c88b57ade3e900ce0a323817f4"},
    {file = "pygame_ce-2.5.2-cp311-cp311-manylinux_2_17_x86_64.manylinux2014_x86_64.whl", hash = "sha256:bfce51fddef01b68853fb8c043e03116d129b4b11decba8568324aaea220fdd9"},
    {file = "pygame_ce-2.5.2-cp311-cp311-win32.whl", hash = "sha256:e802cfd1b9c0c4ebf3b958ea57d9ca2880295473198271cbceab00a79bdc96f8"},
    {file = "pygame_ce-2.5.2-cp311-cp311-win_amd64.whl", hash = "sha256:cf4eaefeefde51f06e24b8055ab7e8b5dae8a3ba0f136137b61e1f5880a848df"},
    {file = "pygame_ce-2.5.2-cp312-cp312-macosx_10_13_x86_64.whl", hash = "sha256:f69de2c294daba34c95ef11446ee605fd4e6599068810660811fb96e08c7f123"},
    {file = "pygame_ce-2.5.2-cp312-cp312-macosx_11_0_arm64.whl", hash = "sha256:fae0032ab06e44ccc94fd835e32df7130d31876e28a067923eccebdf41906c33"},
    {file = "pygame_ce-2.5.2-cp312-cp312-manylinux_2_17_aarch64.manylinux2014_aarch64.whl", hash = "sha256:e97479753f303e481d210f44d2df48d81cb86da5b6becbfca520f674e345b30a"},
    {file = "pygame_ce-2.5.2-cp312-cp312-manylinux_2_17_i686.manylinux2014_i686.whl", hash = "sha256:ba25e1d9be0a0dcf00784732e34f275f94f1c8fe6e37eef91cbd955eb20addfb"},
    {file = "pygame_ce-2.5.2-cp312-cp312-manylinux_2_17_x86_64.manylinux2014_x86_64.whl", hash = "sha256:e457343c1916c8e9655263d692150edee237b6041ec61758338294d6b3db9e85"},
    {file = "pygame_ce-2.5.2-cp312-cp312-win32.whl", hash = "sha256:abf0acb93f906f464f3e2bccbe61210ce4346a60b2e9bc8d5c1c7a400b28df7f"},
    {file = "pygame_ce-2.5.2-cp312-cp312-win_amd64.whl", hash = "sha256:0c1c728e7060eca42cdf1bf8b018055d47b3e18d44cdb7dbe1ef7df768513dde"},
    {file = "pygame_ce-2.5.2-cp313-cp313-macosx_10_13_x86_64.whl", hash = "sha256:291d9cd568bcc47254ac1d1366f99800c8e68fcbdf57ccd40841cfd1abdaa037"},
    {file = "pygame_ce-2.5.2-cp313-cp313-macosx_11_0_arm64.whl", hash = "sha256:7ee3cec06545e544974e7b75546bf0290db634af3c8a264faa7f18bc1a0ffa77"},
    {file = "pygame_ce-2.5.2-cp313-cp313-manylinux_2_17_aarch64.manylinux2014_aarch64.whl", hash = "sha256:f788aefb76bed53623ba33659182bacc5ad1670004b124c0a9285b65acd39da9"},
    {file = "pygame_ce-2.5.2-cp313-cp313-manylinux_2_17_i686.manylinux2014_i686.whl", hash = "sha256:fdea50f9904fb5f52957c2216966b3315424ab45a1a89157cd194ede93c95f71"},
    {file = "pygame_ce-2.5.2-cp313-cp313-manylinux_2_17_x86_64.manylinux2014_x86_64.whl", hash = "sha256:da60f03332984c14561f5773dea0ce06a8ca2a132922870ea2c03097078042f4"},
    {file = "pygame_ce-2.5.2-cp313-cp313-win32.whl", hash = "sha256:b4b21c676288afbf64cfefaa729d67de5500115e6c5e1d2aa251bcfc06dce725"},
    {file = "pygame_ce-2.5.2-cp313-cp313-win_amd64.whl", hash = "sha256:bc503d5a710663d51b5c1405492bd29770e53fc69451747b0b9bb4f3a21161ff"},
    {file = "pygame_ce-2.5.2-cp38-cp38-macosx_10_11_x86_64.whl", hash = "sha256:c8b5230d07a74356b84de00dd33fbd2643131a764f858c1729ca4ed9ac918522"},
    {file = "pygame_ce-2.5.2-cp38-cp38-macosx_11_0_arm64.whl", hash = "sha256:2c22829e61a5b0554120cc49e7b32f7d2c5d8f136d51d371f5f76de8f1909822"},
    {file = "pygame_ce-2.5.2-cp38-cp38-manylinux_2_17_aarch64.manylinux2014_aarch64.whl", hash = "sha256:23a75adeb896edf1d3b7b4de4b37bddbf910307b8787a7691c90c01a28b0dbf9"},
    {file = "pygame_ce-2.5.2-cp38-cp38-manylinux_2_17_i686.manylinux2014_i686.whl", hash = "sha256:e2c39e67a5b68200455d58528bf22934400e2f6b371419a2ff61f585a37a504a"},
    {file = "pygame_ce-2.5.2-cp38-cp38-manylinux_2_17_x86_64.manylinux2014_x86_64.whl", hash = "sha256:45b262949ee669f86455a3ec2ea57e4c9786046ce9bf7828719741683c6ef23b"},
    {file = "pygame_ce-2.5.2-cp38-cp38-win32.whl", hash = "sha256:edd57ebeb70fac8c4a995a6ed849490fcc76ffe92701f1fe72ea75215a435258"},
    {file = "pygame_ce-2.5.2-cp38-cp38-win_amd64.whl", hash = "sha256:c919601f614d45c69b1cbd79820d13bcac5397bd266f67e96dcbdec2f60ddfcd"},
    {file = "pygame_ce-2.5.2-cp39-cp39-macosx_10_11_x86_64.whl", hash = "sha256:c3e1cbc106705a255f0bfd36cea2c9ef0e61c4ea2de43b065b8104b682578508"},
    {file = "pygame_ce-2.5.2-cp39-cp39-macosx_11_0_arm64.whl", hash = "sha256:676ef3c87b6c073d016a8a728869b0b875f17ac9db2227dc2dcd6a92440d25b7"},
    {file = "pygame_ce-2.5.2-cp39-cp39-manylinux_2_17_aarch64.manylinux2014_aarch64.whl", hash = "sha256:60f7013954e722e4b74b44cd35e958d42b7f96cb89b922d585c1c5b4523501a0"},
    {file = "pygame_ce-2.5.2-cp39-cp39-manylinux_2_17_i686.manylinux2014_i686.whl", hash = "sha256:42228780fd4a9a04309b4f748766efc4b81a1e17a31983bb2a73d9cb9dff30e5"},
    {file = "pygame_ce-2.5.2-cp39-cp39-manylinux_2_17_x86_64.manylinux2014_x86_64.whl", hash = "sha256:6e8318bed014ee08c4661ab1dc2c5c95bf5ac51ea10c4db2bba8b6780283cb0a"},
    {file = "pygame_ce-2.5.2-cp39-cp39-win32.whl", hash = "sha256:112a297ed53ba7a5460ffb692ce004dec0fe7ca8d67f3fee7ccb44ea46dda556"},
    {file = "pygame_ce-2.5.2-cp39-cp39-win_amd64.whl", hash = "sha256:ff43ab25f8956adcaf6e17163e791fb04f31d60618b95ae279e61d1ecd0ff1a4"},
    {file = "pygame_ce-2.5.2-pp310-pypy310_pp73-macosx_10_15_x86_64.whl", hash = "sha256:3cbd53611763ac2c18fa0870ec5897e2532866b05f5e38835eb5d54676c21a9a"},
    {file = "pygame_ce-2.5.2-pp310-pypy310_pp73-macosx_11_0_arm64.whl", hash = "sha256:f6d393f5ab0b0a1a1706c62d19a345fa7de5a49c1a925d78b72b7ba00ff79122"},
    {file = "pygame_ce-2.5.2-pp310-pypy310_pp73-manylinux_2_17_aarch64.manylinux2014_aarch64.whl", hash = "sha256:8ad453b2a93004c169a5ca5990132a49626c2cd40fb61c5e268e46f7f3c32eb1"},
    {file = "pygame_ce-2.5.2-pp310-pypy310_pp73-manylinux_2_17_i686.manylinux2014_i686.whl", hash = "sha256:aa92c6cea0581ff1b15900c445a7c514f99c748e564c6b2de9d55ba697b58867"},
    {file = "pygame_ce-2.5.2-pp310-pypy310_pp73-manylinux_2_17_x86_64.manylinux2014_x86_64.whl", hash = "sha256:18287dce6b56681b31f7ac4287a39c8b47c5ffea5f7c9b056781da268497fa61"},
    {file = "pygame_ce-2.5.2-pp310-pypy310_pp73-win_amd64.whl", hash = "sha256:33d12ccdf0cf6267206940edd19c9cbc540356c02dbb418393cdf1287306a1cd"},
    {file = "pygame_ce-2.5.2-pp38-pypy38_pp73-macosx_10_11_x86_64.whl", hash = "sha256:b6d446927ff3e77306dee1325ff3d177d28a0069a8f1ceb396b1d5fe140fd85a"},
    {file = "pygame_ce-2.5.2-pp38-pypy38_pp73-macosx_11_0_arm64.whl", hash = "sha256:d70d0ca13a939cf063f9c11e6f18a07ee6a0a5197a93b9da1b2895afb134bca9"},
    {file = "pygame_ce-2.5.2-pp38-pypy38_pp73-manylinux_2_17_aarch64.manylinux2014_aarch64.whl", hash = "sha256:a35199885030c8d41b74611d06fe16bf1f43342c3c155bab2898b507936ea8ec"},
    {file = "pygame_ce-2.5.2-pp38-pypy38_pp73-manylinux_2_17_i686.manylinux2014_i686.whl", hash = "sha256:a222e093bddc471254d898d84ce88a085e7bb761c5b194f28b0a0c13bb6bd206"},
    {file = "pygame_ce-2.5.2-pp38-pypy38_pp73-manylinux_2_17_x86_64.manylinux2014_x86_64.whl", hash = "sha256:a5050b33bfdb488d129c94d18528846c1f7ffc5fa8f08ddcd47f43e77c71f4ae"},
    {file = "pygame_ce-2.5.2-pp38-pypy38_pp73-win_amd64.whl", hash = "sha256:a12d3242098f87a2f7ad591ac93e4f82bdd6039648af28fecdf9d32d137e4e9f"},
    {file = "pygame_ce-2.5.2-pp39-pypy39_pp73-macosx_10_15_x86_64.whl", hash = "sha256:59a0eb48fd526a5b5e2d52fa180a3928495cbf8248752b0921e3d8d65b17ccaf"},
    {file = "pygame_ce-2.5.2-pp39-pypy39_pp73-macosx_11_0_arm64.whl", hash = "sha256:1c05036b5a02e9ea714ec0ae24c6d0f70e5ba067459b4cd9508d97de22204db1"},
    {file = "pygame_ce-2.5.2-pp39-pypy39_pp73-manylinux_2_17_aarch64.manylinux2014_aarch64.whl", hash = "sha256:ea3d4e74835554bba08ea44ac14b707e02574327e3e6d71b8ac176f6234cd952"},
    {file = "pygame_ce-2.5.2-pp39-pypy39_pp73-manylinux_2_17_i686.manylinux2014_i686.whl", hash = "sha256:ca802987b9b4471dbe7319241a92a95f77701d31147924f7601cf1b0aec48374"},
    {file = "pygame_ce-2.5.2-pp39-pypy39_pp73-manylinux_2_17_x86_64.manylinux2014_x86_64.whl", hash = "sha256:efd40a2fa86c48f3fd63f5a37c809d063c39b449872beb9b36a818be6d1d1a6c"},
    {file = "pygame_ce-2.5.2-pp39-pypy39_pp73-win_amd64.whl", hash = "sha256:7a132f48403d2622ebd9d6365d75b3f756b436db0887b62c2c524f79fc0cc749"},
    {file = "pygame_ce-2.5.2.tar.gz", hash = "sha256:4c6729df05d013bb8f1ab50165506f1649077cc632d16167d5c493c69673cad9"},
]

[[package]]
name = "pyinstaller"
version = "6.11.0"
description = "PyInstaller bundles a Python application and all its dependencies into a single package."
optional = false
python-versions = "<3.14,>=3.8"
files = [
    {file = "pyinstaller-6.11.0-py3-none-macosx_10_13_universal2.whl", hash = "sha256:6fd68a3c1207635c49326c54881b89d5c3bd9ba061bbc9daa58c0902db1be39e"},
    {file = "pyinstaller-6.11.0-py3-none-manylinux2014_aarch64.whl", hash = "sha256:eddd53f231e51adc65088eac4f40057ca803a990239828d4a9229407fb866239"},
    {file = "pyinstaller-6.11.0-py3-none-manylinux2014_i686.whl", hash = "sha256:e6d229009e815542833fe00332b589aa6984a06f794dc16f2ce1acab1c567590"},
    {file = "pyinstaller-6.11.0-py3-none-manylinux2014_ppc64le.whl", hash = "sha256:7d2cd2ebdcd6860f8a4abe2977264a7b6d260a7147047008971c7cfc66a656a4"},
    {file = "pyinstaller-6.11.0-py3-none-manylinux2014_s390x.whl", hash = "sha256:d9ec6d4398b4eebc1d4c00437716264ba8406bc2746f594e253070a82378a584"},
    {file = "pyinstaller-6.11.0-py3-none-manylinux2014_x86_64.whl", hash = "sha256:04f71828aa9531ab18c9656985c1f09b83d10332c73a1f4a113a48b491906955"},
    {file = "pyinstaller-6.11.0-py3-none-musllinux_1_1_aarch64.whl", hash = "sha256:a843d470768d68b05684ccf4860c45b2eb13727f41667c0b2cd8f57ae231bd18"},
    {file = "pyinstaller-6.11.0-py3-none-musllinux_1_1_x86_64.whl", hash = "sha256:963dedc1f37144a4385f58f7f65f1c69c004a67faae522a2085b5ddb230c908b"},
    {file = "pyinstaller-6.11.0-py3-none-win32.whl", hash = "sha256:c71024c8a19c7b221b9152b2baff4c3ba849cada68dcdd34382ba09f0107451f"},
    {file = "pyinstaller-6.11.0-py3-none-win_amd64.whl", hash = "sha256:0e229610c22b96d741d905706f9496af472c1a9216a118988f393c98ecc3f51f"},
    {file = "pyinstaller-6.11.0-py3-none-win_arm64.whl", hash = "sha256:a5f716bb507517912fda39d109dead91fc0dd2e7b2859562522b63c61aa21676"},
    {file = "pyinstaller-6.11.0.tar.gz", hash = "sha256:cb4d433a3db30d9d17cf5f2cf7bb4df80a788d493c1d67dd822dc5791d9864af"},
]

[package.dependencies]
altgraph = "*"
macholib = {version = ">=1.8", markers = "sys_platform == \"darwin\""}
packaging = ">=22.0"
pefile = {version = ">=2022.5.30,<2024.8.26 || >2024.8.26", markers = "sys_platform == \"win32\""}
pyinstaller-hooks-contrib = ">=2024.8"
pywin32-ctypes = {version = ">=0.2.1", markers = "sys_platform == \"win32\""}
setuptools = ">=42.0.0"

[package.extras]
completion = ["argcomplete"]
hook-testing = ["execnet (>=1.5.0)", "psutil", "pytest (>=2.7.3)"]

[[package]]
name = "pyinstaller-hooks-contrib"
version = "2024.9"
description = "Community maintained hooks for PyInstaller"
optional = false
python-versions = ">=3.8"
files = [
    {file = "pyinstaller_hooks_contrib-2024.9-py3-none-any.whl", hash = "sha256:1ddf9ba21d586afa84e505bb5c65fca10b22500bf3fdb89ee2965b99da53b891"},
    {file = "pyinstaller_hooks_contrib-2024.9.tar.gz", hash = "sha256:4793869f370d1dc4806c101efd2890e3c3e703467d8d27bb5a3db005ebfb008d"},
]

[package.dependencies]
packaging = ">=22.0"
setuptools = ">=42.0.0"

[[package]]
name = "pyperclip"
version = "1.9.0"
description = "A cross-platform clipboard module for Python. (Only handles plain text for now.)"
optional = false
python-versions = "*"
files = [
    {file = "pyperclip-1.9.0.tar.gz", hash = "sha256:b7de0142ddc81bfc5c7507eea19da920b92252b548b96186caf94a5e2527d310"},
]

[[package]]
name = "pytweening"
version = "1.2.0"
description = "A collection of tweening (aka easing) functions."
optional = false
python-versions = "*"
files = [
    {file = "pytweening-1.2.0.tar.gz", hash = "sha256:243318b7736698066c5f362ec5c2b6434ecf4297c3c8e7caa8abfe6af4cac71b"},
]

[[package]]
name = "pywin32-ctypes"
version = "0.2.3"
description = "A (partial) reimplementation of pywin32 using ctypes/cffi"
optional = false
python-versions = ">=3.6"
files = [
    {file = "pywin32-ctypes-0.2.3.tar.gz", hash = "sha256:d162dc04946d704503b2edc4d55f3dba5c1d539ead017afa00142c38b9885755"},
    {file = "pywin32_ctypes-0.2.3-py3-none-any.whl", hash = "sha256:8a1513379d709975552d202d942d9837758905c8d01eb82b8bcc30918929e7b8"},
]

[[package]]
name = "setuptools"
version = "75.3.0"
description = "Easily download, build, install, upgrade, and uninstall Python packages"
optional = false
python-versions = ">=3.8"
files = [
    {file = "setuptools-75.3.0-py3-none-any.whl", hash = "sha256:f2504966861356aa38616760c0f66568e535562374995367b4e69c7143cf6bcd"},
    {file = "setuptools-75.3.0.tar.gz", hash = "sha256:fba5dd4d766e97be1b1681d98712680ae8f2f26d7881245f2ce9e40714f1a686"},
]

[package.extras]
check = ["pytest-checkdocs (>=2.4)", "pytest-ruff (>=0.2.1)", "ruff (>=0.5.2)"]
core = ["importlib-metadata (>=6)", "importlib-resources (>=5.10.2)", "jaraco.collections", "jaraco.functools", "jaraco.text (>=3.7)", "more-itertools", "more-itertools (>=8.8)", "packaging", "packaging (>=24)", "platformdirs (>=4.2.2)", "tomli (>=2.0.1)", "wheel (>=0.43.0)"]
cover = ["pytest-cov"]
doc = ["furo", "jaraco.packaging (>=9.3)", "jaraco.tidelift (>=1.4)", "pygments-github-lexers (==0.0.5)", "pyproject-hooks (!=1.1)", "rst.linker (>=1.9)", "sphinx (>=3.5)", "sphinx-favicon", "sphinx-inline-tabs", "sphinx-lint", "sphinx-notfound-page (>=1,<2)", "sphinx-reredirects", "sphinxcontrib-towncrier", "towncrier (<24.7)"]
enabler = ["pytest-enabler (>=2.2)"]
test = ["build[virtualenv] (>=1.0.3)", "filelock (>=3.4.0)", "ini2toml[lite] (>=0.14)", "jaraco.develop (>=7.21)", "jaraco.envs (>=2.2)", "jaraco.path (>=3.2.0)", "jaraco.test (>=5.5)", "packaging (>=23.2)", "pip (>=19.1)", "pyproject-hooks (!=1.1)", "pytest (>=6,!=8.1.*)", "pytest-home (>=0.5)", "pytest-perf", "pytest-subprocess", "pytest-timeout", "pytest-xdist (>=3)", "tomli-w (>=1.0.0)", "virtualenv (>=13.0.0)", "wheel (>=0.44.0)"]
type = ["importlib-metadata (>=7.0.2)", "jaraco.develop (>=7.21)", "mypy (==1.12.*)", "pytest-mypy"]

[[package]]
name = "snakeviz"
version = "2.2.2"
description = "A web-based viewer for Python profiler output"
optional = false
python-versions = ">=3.9"
files = [
    {file = "snakeviz-2.2.2-py3-none-any.whl", hash = "sha256:77e7b9c82f6152edc330040319b97612351cd9b48c706434c535c2df31d10ac5"},
    {file = "snakeviz-2.2.2.tar.gz", hash = "sha256:08028c6f8e34a032ff14757a38424770abb8662fb2818985aeea0d9bc13a7d83"},
]

[package.dependencies]
tornado = ">=2.0"

[[package]]
name = "tornado"
version = "6.4.2"
description = "Tornado is a Python web framework and asynchronous networking library, originally developed at FriendFeed."
optional = false
python-versions = ">=3.8"
files = [
    {file = "tornado-6.4.2-cp38-abi3-macosx_10_9_universal2.whl", hash = "sha256:e828cce1123e9e44ae2a50a9de3055497ab1d0aeb440c5ac23064d9e44880da1"},
    {file = "tornado-6.4.2-cp38-abi3-macosx_10_9_x86_64.whl", hash = "sha256:072ce12ada169c5b00b7d92a99ba089447ccc993ea2143c9ede887e0937aa803"},
    {file = "tornado-6.4.2-cp38-abi3-manylinux_2_17_aarch64.manylinux2014_aarch64.whl", hash = "sha256:1a017d239bd1bb0919f72af256a970624241f070496635784d9bf0db640d3fec"},
    {file = "tornado-6.4.2-cp38-abi3-manylinux_2_5_i686.manylinux1_i686.manylinux_2_17_i686.manylinux2014_i686.whl", hash = "sha256:c36e62ce8f63409301537222faffcef7dfc5284f27eec227389f2ad11b09d946"},
    {file = "tornado-6.4.2-cp38-abi3-manylinux_2_5_x86_64.manylinux1_x86_64.manylinux_2_17_x86_64.manylinux2014_x86_64.whl", hash = "sha256:bca9eb02196e789c9cb5c3c7c0f04fb447dc2adffd95265b2c7223a8a615ccbf"},
    {file = "tornado-6.4.2-cp38-abi3-musllinux_1_2_aarch64.whl", hash = "sha256:304463bd0772442ff4d0f5149c6f1c2135a1fae045adf070821c6cdc76980634"},
    {file = "tornado-6.4.2-cp38-abi3-musllinux_1_2_i686.whl", hash = "sha256:c82c46813ba483a385ab2a99caeaedf92585a1f90defb5693351fa7e4ea0bf73"},
    {file = "tornado-6.4.2-cp38-abi3-musllinux_1_2_x86_64.whl", hash = "sha256:932d195ca9015956fa502c6b56af9eb06106140d844a335590c1ec7f5277d10c"},
    {file = "tornado-6.4.2-cp38-abi3-win32.whl", hash = "sha256:2876cef82e6c5978fde1e0d5b1f919d756968d5b4282418f3146b79b58556482"},
    {file = "tornado-6.4.2-cp38-abi3-win_amd64.whl", hash = "sha256:908b71bf3ff37d81073356a5fadcc660eb10c1476ee6e2725588626ce7e5ca38"},
    {file = "tornado-6.4.2.tar.gz", hash = "sha256:92bad5b4746e9879fd7bf1eb21dce4e3fc5128d71601f80005afa39237ad620b"},
]

[[package]]
name = "websockets"
version = "13.1"
description = "An implementation of the WebSocket Protocol (RFC 6455 & 7692)"
optional = false
python-versions = ">=3.8"
files = [
    {file = "websockets-13.1-cp310-cp310-macosx_10_9_universal2.whl", hash = "sha256:f48c749857f8fb598fb890a75f540e3221d0976ed0bf879cf3c7eef34151acee"},
    {file = "websockets-13.1-cp310-cp310-macosx_10_9_x86_64.whl", hash = "sha256:c7e72ce6bda6fb9409cc1e8164dd41d7c91466fb599eb047cfda72fe758a34a7"},
    {file = "websockets-13.1-cp310-cp310-macosx_11_0_arm64.whl", hash = "sha256:f779498eeec470295a2b1a5d97aa1bc9814ecd25e1eb637bd9d1c73a327387f6"},
    {file = "websockets-13.1-cp310-cp310-manylinux_2_17_aarch64.manylinux2014_aarch64.whl", hash = "sha256:4676df3fe46956fbb0437d8800cd5f2b6d41143b6e7e842e60554398432cf29b"},
    {file = "websockets-13.1-cp310-cp310-manylinux_2_5_i686.manylinux1_i686.manylinux_2_17_i686.manylinux2014_i686.whl", hash = "sha256:a7affedeb43a70351bb811dadf49493c9cfd1ed94c9c70095fd177e9cc1541fa"},
    {file = "websockets-13.1-cp310-cp310-manylinux_2_5_x86_64.manylinux1_x86_64.manylinux_2_17_x86_64.manylinux2014_x86_64.whl", hash = "sha256:1971e62d2caa443e57588e1d82d15f663b29ff9dfe7446d9964a4b6f12c1e700"},
    {file = "websockets-13.1-cp310-cp310-musllinux_1_2_aarch64.whl", hash = "sha256:5f2e75431f8dc4a47f31565a6e1355fb4f2ecaa99d6b89737527ea917066e26c"},
    {file = "websockets-13.1-cp310-cp310-musllinux_1_2_i686.whl", hash = "sha256:58cf7e75dbf7e566088b07e36ea2e3e2bd5676e22216e4cad108d4df4a7402a0"},
    {file = "websockets-13.1-cp310-cp310-musllinux_1_2_x86_64.whl", hash = "sha256:c90d6dec6be2c7d03378a574de87af9b1efea77d0c52a8301dd831ece938452f"},
    {file = "websockets-13.1-cp310-cp310-win32.whl", hash = "sha256:730f42125ccb14602f455155084f978bd9e8e57e89b569b4d7f0f0c17a448ffe"},
    {file = "websockets-13.1-cp310-cp310-win_amd64.whl", hash = "sha256:5993260f483d05a9737073be197371940c01b257cc45ae3f1d5d7adb371b266a"},
    {file = "websockets-13.1-cp311-cp311-macosx_10_9_universal2.whl", hash = "sha256:61fc0dfcda609cda0fc9fe7977694c0c59cf9d749fbb17f4e9483929e3c48a19"},
    {file = "websockets-13.1-cp311-cp311-macosx_10_9_x86_64.whl", hash = "sha256:ceec59f59d092c5007e815def4ebb80c2de330e9588e101cf8bd94c143ec78a5"},
    {file = "websockets-13.1-cp311-cp311-macosx_11_0_arm64.whl", hash = "sha256:c1dca61c6db1166c48b95198c0b7d9c990b30c756fc2923cc66f68d17dc558fd"},
    {file = "websockets-13.1-cp311-cp311-manylinux_2_17_aarch64.manylinux2014_aarch64.whl", hash = "sha256:308e20f22c2c77f3f39caca508e765f8725020b84aa963474e18c59accbf4c02"},
    {file = "websockets-13.1-cp311-cp311-manylinux_2_5_i686.manylinux1_i686.manylinux_2_17_i686.manylinux2014_i686.whl", hash = "sha256:62d516c325e6540e8a57b94abefc3459d7dab8ce52ac75c96cad5549e187e3a7"},
    {file = "websockets-13.1-cp311-cp311-manylinux_2_5_x86_64.manylinux1_x86_64.manylinux_2_17_x86_64.manylinux2014_x86_64.whl", hash = "sha256:87c6e35319b46b99e168eb98472d6c7d8634ee37750d7693656dc766395df096"},
    {file = "websockets-13.1-cp311-cp311-musllinux_1_2_aarch64.whl", hash = "sha256:5f9fee94ebafbc3117c30be1844ed01a3b177bb6e39088bc6b2fa1dc15572084"},
    {file = "websockets-13.1-cp311-cp311-musllinux_1_2_i686.whl", hash = "sha256:7c1e90228c2f5cdde263253fa5db63e6653f1c00e7ec64108065a0b9713fa1b3"},
    {file = "websockets-13.1-cp311-cp311-musllinux_1_2_x86_64.whl", hash = "sha256:6548f29b0e401eea2b967b2fdc1c7c7b5ebb3eeb470ed23a54cd45ef078a0db9"},
    {file = "websockets-13.1-cp311-cp311-win32.whl", hash = "sha256:c11d4d16e133f6df8916cc5b7e3e96ee4c44c936717d684a94f48f82edb7c92f"},
    {file = "websockets-13.1-cp311-cp311-win_amd64.whl", hash = "sha256:d04f13a1d75cb2b8382bdc16ae6fa58c97337253826dfe136195b7f89f661557"},
    {file = "websockets-13.1-cp312-cp312-macosx_10_9_universal2.whl", hash = "sha256:9d75baf00138f80b48f1eac72ad1535aac0b6461265a0bcad391fc5aba875cfc"},
    {file = "websockets-13.1-cp312-cp312-macosx_10_9_x86_64.whl", hash = "sha256:9b6f347deb3dcfbfde1c20baa21c2ac0751afaa73e64e5b693bb2b848efeaa49"},
    {file = "websockets-13.1-cp312-cp312-macosx_11_0_arm64.whl", hash = "sha256:de58647e3f9c42f13f90ac7e5f58900c80a39019848c5547bc691693098ae1bd"},
    {file = "websockets-13.1-cp312-cp312-manylinux_2_17_aarch64.manylinux2014_aarch64.whl", hash = "sha256:a1b54689e38d1279a51d11e3467dd2f3a50f5f2e879012ce8f2d6943f00e83f0"},
    {file = "websockets-13.1-cp312-cp312-manylinux_2_5_i686.manylinux1_i686.manylinux_2_17_i686.manylinux2014_i686.whl", hash = "sha256:cf1781ef73c073e6b0f90af841aaf98501f975d306bbf6221683dd594ccc52b6"},
    {file = "websockets-13.1-cp312-cp312-manylinux_2_5_x86_64.manylinux1_x86_64.manylinux_2_17_x86_64.manylinux2014_x86_64.whl", hash = "sha256:8d23b88b9388ed85c6faf0e74d8dec4f4d3baf3ecf20a65a47b836d56260d4b9"},
    {file = "websockets-13.1-cp312-cp312-musllinux_1_2_aarch64.whl", hash = "sha256:3c78383585f47ccb0fcf186dcb8a43f5438bd7d8f47d69e0b56f71bf431a0a68"},
    {file = "websockets-13.1-cp312-cp312-musllinux_1_2_i686.whl", hash = "sha256:d6d300f8ec35c24025ceb9b9019ae9040c1ab2f01cddc2bcc0b518af31c75c14"},
    {file = "websockets-13.1-cp312-cp312-musllinux_1_2_x86_64.whl", hash = "sha256:a9dcaf8b0cc72a392760bb8755922c03e17a5a54e08cca58e8b74f6902b433cf"},
    {file = "websockets-13.1-cp312-cp312-win32.whl", hash = "sha256:2f85cf4f2a1ba8f602298a853cec8526c2ca42a9a4b947ec236eaedb8f2dc80c"},
    {file = "websockets-13.1-cp312-cp312-win_amd64.whl", hash = "sha256:38377f8b0cdeee97c552d20cf1865695fcd56aba155ad1b4ca8779a5b6ef4ac3"},
    {file = "websockets-13.1-cp313-cp313-macosx_10_13_universal2.whl", hash = "sha256:a9ab1e71d3d2e54a0aa646ab6d4eebfaa5f416fe78dfe4da2839525dc5d765c6"},
    {file = "websockets-13.1-cp313-cp313-macosx_10_13_x86_64.whl", hash = "sha256:b9d7439d7fab4dce00570bb906875734df13d9faa4b48e261c440a5fec6d9708"},
    {file = "websockets-13.1-cp313-cp313-macosx_11_0_arm64.whl", hash = "sha256:327b74e915cf13c5931334c61e1a41040e365d380f812513a255aa804b183418"},
    {file = "websockets-13.1-cp313-cp313-manylinux_2_17_aarch64.manylinux2014_aarch64.whl", hash = "sha256:325b1ccdbf5e5725fdcb1b0e9ad4d2545056479d0eee392c291c1bf76206435a"},
    {file = "websockets-13.1-cp313-cp313-manylinux_2_5_i686.manylinux1_i686.manylinux_2_17_i686.manylinux2014_i686.whl", hash = "sha256:346bee67a65f189e0e33f520f253d5147ab76ae42493804319b5716e46dddf0f"},
    {file = "websockets-13.1-cp313-cp313-manylinux_2_5_x86_64.manylinux1_x86_64.manylinux_2_17_x86_64.manylinux2014_x86_64.whl", hash = "sha256:91a0fa841646320ec0d3accdff5b757b06e2e5c86ba32af2e0815c96c7a603c5"},
    {file = "websockets-13.1-cp313-cp313-musllinux_1_2_aarch64.whl", hash = "sha256:18503d2c5f3943e93819238bf20df71982d193f73dcecd26c94514f417f6b135"},
    {file = "websockets-13.1-cp313-cp313-musllinux_1_2_i686.whl", hash = "sha256:a9cd1af7e18e5221d2878378fbc287a14cd527fdd5939ed56a18df8a31136bb2"},
    {file = "websockets-13.1-cp313-cp313-musllinux_1_2_x86_64.whl", hash = "sha256:70c5be9f416aa72aab7a2a76c90ae0a4fe2755c1816c153c1a2bcc3333ce4ce6"},
    {file = "websockets-13.1-cp313-cp313-win32.whl", hash = "sha256:624459daabeb310d3815b276c1adef475b3e6804abaf2d9d2c061c319f7f187d"},
    {file = "websockets-13.1-cp313-cp313-win_amd64.whl", hash = "sha256:c518e84bb59c2baae725accd355c8dc517b4a3ed8db88b4bc93c78dae2974bf2"},
    {file = "websockets-13.1-cp38-cp38-macosx_10_9_universal2.whl", hash = "sha256:c7934fd0e920e70468e676fe7f1b7261c1efa0d6c037c6722278ca0228ad9d0d"},
    {file = "websockets-13.1-cp38-cp38-macosx_10_9_x86_64.whl", hash = "sha256:149e622dc48c10ccc3d2760e5f36753db9cacf3ad7bc7bbbfd7d9c819e286f23"},
    {file = "websockets-13.1-cp38-cp38-macosx_11_0_arm64.whl", hash = "sha256:a569eb1b05d72f9bce2ebd28a1ce2054311b66677fcd46cf36204ad23acead8c"},
    {file = "websockets-13.1-cp38-cp38-manylinux_2_17_aarch64.manylinux2014_aarch64.whl", hash = "sha256:95df24ca1e1bd93bbca51d94dd049a984609687cb2fb08a7f2c56ac84e9816ea"},
    {file = "websockets-13.1-cp38-cp38-manylinux_2_5_i686.manylinux1_i686.manylinux_2_17_i686.manylinux2014_i686.whl", hash = "sha256:d8dbb1bf0c0a4ae8b40bdc9be7f644e2f3fb4e8a9aca7145bfa510d4a374eeb7"},
    {file = "websockets-13.1-cp38-cp38-manylinux_2_5_x86_64.manylinux1_x86_64.manylinux_2_17_x86_64.manylinux2014_x86_64.whl", hash = "sha256:035233b7531fb92a76beefcbf479504db8c72eb3bff41da55aecce3a0f729e54"},
    {file = "websockets-13.1-cp38-cp38-musllinux_1_2_aarch64.whl", hash = "sha256:e4450fc83a3df53dec45922b576e91e94f5578d06436871dce3a6be38e40f5db"},
    {file = "websockets-13.1-cp38-cp38-musllinux_1_2_i686.whl", hash = "sha256:463e1c6ec853202dd3657f156123d6b4dad0c546ea2e2e38be2b3f7c5b8e7295"},
    {file = "websockets-13.1-cp38-cp38-musllinux_1_2_x86_64.whl", hash = "sha256:6d6855bbe70119872c05107e38fbc7f96b1d8cb047d95c2c50869a46c65a8e96"},
    {file = "websockets-13.1-cp38-cp38-win32.whl", hash = "sha256:204e5107f43095012b00f1451374693267adbb832d29966a01ecc4ce1db26faf"},
    {file = "websockets-13.1-cp38-cp38-win_amd64.whl", hash = "sha256:485307243237328c022bc908b90e4457d0daa8b5cf4b3723fd3c4a8012fce4c6"},
    {file = "websockets-13.1-cp39-cp39-macosx_10_9_universal2.whl", hash = "sha256:9b37c184f8b976f0c0a231a5f3d6efe10807d41ccbe4488df8c74174805eea7d"},
    {file = "websockets-13.1-cp39-cp39-macosx_10_9_x86_64.whl", hash = "sha256:163e7277e1a0bd9fb3c8842a71661ad19c6aa7bb3d6678dc7f89b17fbcc4aeb7"},
    {file = "websockets-13.1-cp39-cp39-macosx_11_0_arm64.whl", hash = "sha256:4b889dbd1342820cc210ba44307cf75ae5f2f96226c0038094455a96e64fb07a"},
    {file = "websockets-13.1-cp39-cp39-manylinux_2_17_aarch64.manylinux2014_aarch64.whl", hash = "sha256:586a356928692c1fed0eca68b4d1c2cbbd1ca2acf2ac7e7ebd3b9052582deefa"},
    {file = "websockets-13.1-cp39-cp39-manylinux_2_5_i686.manylinux1_i686.manylinux_2_17_i686.manylinux2014_i686.whl", hash = "sha256:7bd6abf1e070a6b72bfeb71049d6ad286852e285f146682bf30d0296f5fbadfa"},
    {file = "websockets-13.1-cp39-cp39-manylinux_2_5_x86_64.manylinux1_x86_64.manylinux_2_17_x86_64.manylinux2014_x86_64.whl", hash = "sha256:6d2aad13a200e5934f5a6767492fb07151e1de1d6079c003ab31e1823733ae79"},
    {file = "websockets-13.1-cp39-cp39-musllinux_1_2_aarch64.whl", hash = "sha256:df01aea34b6e9e33572c35cd16bae5a47785e7d5c8cb2b54b2acdb9678315a17"},
    {file = "websockets-13.1-cp39-cp39-musllinux_1_2_i686.whl", hash = "sha256:e54affdeb21026329fb0744ad187cf812f7d3c2aa702a5edb562b325191fcab6"},
    {file = "websockets-13.1-cp39-cp39-musllinux_1_2_x86_64.whl", hash = "sha256:9ef8aa8bdbac47f4968a5d66462a2a0935d044bf35c0e5a8af152d58516dbeb5"},
    {file = "websockets-13.1-cp39-cp39-win32.whl", hash = "sha256:deeb929efe52bed518f6eb2ddc00cc496366a14c726005726ad62c2dd9017a3c"},
    {file = "websockets-13.1-cp39-cp39-win_amd64.whl", hash = "sha256:7c65ffa900e7cc958cd088b9a9157a8141c991f8c53d11087e6fb7277a03f81d"},
    {file = "websockets-13.1-pp310-pypy310_pp73-macosx_10_15_x86_64.whl", hash = "sha256:5dd6da9bec02735931fccec99d97c29f47cc61f644264eb995ad6c0c27667238"},
    {file = "websockets-13.1-pp310-pypy310_pp73-macosx_11_0_arm64.whl", hash = "sha256:2510c09d8e8df777177ee3d40cd35450dc169a81e747455cc4197e63f7e7bfe5"},
    {file = "websockets-13.1-pp310-pypy310_pp73-manylinux_2_17_aarch64.manylinux2014_aarch64.whl", hash = "sha256:f1c3cf67185543730888b20682fb186fc8d0fa6f07ccc3ef4390831ab4b388d9"},
    {file = "websockets-13.1-pp310-pypy310_pp73-manylinux_2_5_i686.manylinux1_i686.manylinux_2_17_i686.manylinux2014_i686.whl", hash = "sha256:bcc03c8b72267e97b49149e4863d57c2d77f13fae12066622dc78fe322490fe6"},
    {file = "websockets-13.1-pp310-pypy310_pp73-manylinux_2_5_x86_64.manylinux1_x86_64.manylinux_2_17_x86_64.manylinux2014_x86_64.whl", hash = "sha256:004280a140f220c812e65f36944a9ca92d766b6cc4560be652a0a3883a79ed8a"},
    {file = "websockets-13.1-pp310-pypy310_pp73-win_amd64.whl", hash = "sha256:e2620453c075abeb0daa949a292e19f56de518988e079c36478bacf9546ced23"},
    {file = "websockets-13.1-pp38-pypy38_pp73-macosx_10_9_x86_64.whl", hash = "sha256:9156c45750b37337f7b0b00e6248991a047be4aa44554c9886fe6bdd605aab3b"},
    {file = "websockets-13.1-pp38-pypy38_pp73-macosx_11_0_arm64.whl", hash = "sha256:80c421e07973a89fbdd93e6f2003c17d20b69010458d3a8e37fb47874bd67d51"},
    {file = "websockets-13.1-pp38-pypy38_pp73-manylinux_2_17_aarch64.manylinux2014_aarch64.whl", hash = "sha256:82d0ba76371769d6a4e56f7e83bb8e81846d17a6190971e38b5de108bde9b0d7"},
    {file = "websockets-13.1-pp38-pypy38_pp73-manylinux_2_5_i686.manylinux1_i686.manylinux_2_17_i686.manylinux2014_i686.whl", hash = "sha256:e9875a0143f07d74dc5e1ded1c4581f0d9f7ab86c78994e2ed9e95050073c94d"},
    {file = "websockets-13.1-pp38-pypy38_pp73-manylinux_2_5_x86_64.manylinux1_x86_64.manylinux_2_17_x86_64.manylinux2014_x86_64.whl", hash = "sha256:a11e38ad8922c7961447f35c7b17bffa15de4d17c70abd07bfbe12d6faa3e027"},
    {file = "websockets-13.1-pp38-pypy38_pp73-win_amd64.whl", hash = "sha256:4059f790b6ae8768471cddb65d3c4fe4792b0ab48e154c9f0a04cefaabcd5978"},
    {file = "websockets-13.1-pp39-pypy39_pp73-macosx_10_15_x86_64.whl", hash = "sha256:25c35bf84bf7c7369d247f0b8cfa157f989862c49104c5cf85cb5436a641d93e"},
    {file = "websockets-13.1-pp39-pypy39_pp73-macosx_11_0_arm64.whl", hash = "sha256:83f91d8a9bb404b8c2c41a707ac7f7f75b9442a0a876df295de27251a856ad09"},
    {file = "websockets-13.1-pp39-pypy39_pp73-manylinux_2_17_aarch64.manylinux2014_aarch64.whl", hash = "sha256:7a43cfdcddd07f4ca2b1afb459824dd3c6d53a51410636a2c7fc97b9a8cf4842"},
    {file = "websockets-13.1-pp39-pypy39_pp73-manylinux_2_5_i686.manylinux1_i686.manylinux_2_17_i686.manylinux2014_i686.whl", hash = "sha256:48a2ef1381632a2f0cb4efeff34efa97901c9fbc118e01951ad7cfc10601a9bb"},
    {file = "websockets-13.1-pp39-pypy39_pp73-manylinux_2_5_x86_64.manylinux1_x86_64.manylinux_2_17_x86_64.manylinux2014_x86_64.whl", hash = "sha256:459bf774c754c35dbb487360b12c5727adab887f1622b8aed5755880a21c4a20"},
    {file = "websockets-13.1-pp39-pypy39_pp73-win_amd64.whl", hash = "sha256:95858ca14a9f6fa8413d29e0a585b31b278388aa775b8a81fa24830123874678"},
    {file = "websockets-13.1-py3-none-any.whl", hash = "sha256:a9a396a6ad26130cdae92ae10c36af09d9bfe6cafe69670fd3b6da9b07b4044f"},
    {file = "websockets-13.1.tar.gz", hash = "sha256:a3b3366087c1bc0a2795111edcadddb8b3b59509d5db5d7ea3fdd69f954a8878"},
]

[metadata]
lock-version = "2.0"
python-versions = "==3.12.*"
content-hash = "8f21d80470d13fad9022dd946ba0833dbc3e2b29aa94b2b84f50ca88e168ce89"
